
Microsoft Visual Studio Solution File, Format Version 12.00
# Visual Studio Version 17
VisualStudioVersion = 17.2.32602.215
MinimumVisualStudioVersion = 10.0.40219.1
Project("{FAE04EC0-301F-11D3-BF4B-00C04F79EFBC}") = "LinkedList", "LinkedList\LinkedList.csproj", "{00CDAB1E-5A4C-4A75-81FD-924C165737AD}"
EndProject
Global
	GlobalSection(SolutionConfigurationPlatforms) = preSolution
		Debug|Any CPU = Debug|Any CPU
		Release|Any CPU = Release|Any CPU
	EndGlobalSection
	GlobalSection(ProjectConfigurationPlatforms) = postSolution
		{00CDAB1E-5A4C-4A75-81FD-924C165737AD}.Debug|Any CPU.ActiveCfg = Debug|Any CPU
		{00CDAB1E-5A4C-4A75-81FD-924C165737AD}.Debug|Any CPU.Build.0 = Debug|Any CPU
		{00CDAB1E-5A4C-4A75-81FD-924C165737AD}.Release|Any CPU.ActiveCfg = Release|Any CPU
		{00CDAB1E-5A4C-4A75-81FD-924C165737AD}.Release|Any CPU.Build.0 = Release|Any CPU
	EndGlobalSection
	GlobalSection(SolutionProperties) = preSolution
		HideSolutionNode = FALSE
	EndGlobalSection
	GlobalSection(ExtensibilityGlobals) = postSolution
		SolutionGuid = {0BEB0B6A-38FC-4B0F-8A01-F22EDCA8B925}
	EndGlobalSection
EndGlobal
